
Microsoft Visual Studio Solution File, Format Version 12.00
# Visual Studio Version 16
VisualStudioVersion = 16.0.30907.101
MinimumVisualStudioVersion = 15.0.26124.0
Project("{9A19103F-16F7-4668-BE54-9A1E7A4F7556}") = "TF3.CommandLine", "Apps\TF3.CommandLine\TF3.CommandLine.csproj", "{AC276F9E-D6BE-4031-B44D-AEFCBF2F203F}"
EndProject
Project("{9A19103F-16F7-4668-BE54-9A1E7A4F7556}") = "TF3.Common.Yakuza", "YarhlPlugins\TF3.YarhlPlugin.YakuzaCommon\TF3.YarhlPlugin.YakuzaCommon.csproj", "{DE2185DC-C3B2-4F02-9DBE-19AAEE208055}"
EndProject
Project("{9A19103F-16F7-4668-BE54-9A1E7A4F7556}") = "TF3.Plugin.YakuzaKiwami2", "Plugins\TF3.Plugin.YakuzaKiwami2\TF3.Plugin.YakuzaKiwami2.csproj", "{3F0AE5D5-EAC6-4866-8AD6-1CC4F677E8EC}"
EndProject
Project("{9A19103F-16F7-4668-BE54-9A1E7A4F7556}") = "TF3.Tests.Yakuza", "Tests\TF3.Tests.Yakuza\TF3.Tests.Yakuza.csproj", "{3A8138B9-6CC4-4CE9-B1E4-8E6DAB92935A}"
EndProject
Project("{2150E333-8FDC-42A3-9474-1A3956D46DE8}") = "Apps", "Apps", "{F80387AB-7660-409E-B182-943D1138AC26}"
EndProject
Project("{2150E333-8FDC-42A3-9474-1A3956D46DE8}") = "Libraries", "Libraries", "{1191ABD3-3D8F-4143-8EEE-87D5CC7DED59}"
EndProject
Project("{2150E333-8FDC-42A3-9474-1A3956D46DE8}") = "Plugins", "Plugins", "{8DCC4D86-9F2A-43F2-8F96-806FEBAB3E67}"
EndProject
Project("{2150E333-8FDC-42A3-9474-1A3956D46DE8}") = "Tests", "Tests", "{7FA27372-C9AC-42EE-A5D7-34348F0D80A0}"
EndProject
Project("{9A19103F-16F7-4668-BE54-9A1E7A4F7556}") = "TF3.Tests.YakuzaKiwami2", "Tests\TF3.Tests.YakuzaKiwami2\TF3.Tests.YakuzaKiwami2.csproj", "{1B27ECFA-677E-47EF-9806-C012C952341A}"
EndProject
Project("{9A19103F-16F7-4668-BE54-9A1E7A4F7556}") = "TF3.Common.Core", "Libraries\TF3.Common.Core\TF3.Common.Core.csproj", "{7BB9F59E-DF6E-424F-87A9-61D1F03737EB}"
EndProject
Project("{2150E333-8FDC-42A3-9474-1A3956D46DE8}") = "YarhlPlugins", "YarhlPlugins", "{FE6CE2CA-D6A5-40A1-A26E-A33BB20318CA}"
EndProject
Project("{9A19103F-16F7-4668-BE54-9A1E7A4F7556}") = "TF3.YarhlPlugin.YakuzaKiwami2", "YarhlPlugins\TF3.YarhlPlugin.YakuzaKiwami2\TF3.YarhlPlugin.YakuzaKiwami2.csproj", "{94E921C7-B3F8-4441-BE37-13011236FF91}"
EndProject
Global
	GlobalSection(SolutionConfigurationPlatforms) = preSolution
		Debug|Any CPU = Debug|Any CPU
		Debug|x64 = Debug|x64
		Debug|x86 = Debug|x86
		Release|Any CPU = Release|Any CPU
		Release|x64 = Release|x64
		Release|x86 = Release|x86
	EndGlobalSection
	GlobalSection(ProjectConfigurationPlatforms) = postSolution
		{AC276F9E-D6BE-4031-B44D-AEFCBF2F203F}.Debug|Any CPU.ActiveCfg = Debug|Any CPU
		{AC276F9E-D6BE-4031-B44D-AEFCBF2F203F}.Debug|Any CPU.Build.0 = Debug|Any CPU
		{AC276F9E-D6BE-4031-B44D-AEFCBF2F203F}.Debug|x64.ActiveCfg = Debug|Any CPU
		{AC276F9E-D6BE-4031-B44D-AEFCBF2F203F}.Debug|x64.Build.0 = Debug|Any CPU
		{AC276F9E-D6BE-4031-B44D-AEFCBF2F203F}.Debug|x86.ActiveCfg = Debug|Any CPU
		{AC276F9E-D6BE-4031-B44D-AEFCBF2F203F}.Debug|x86.Build.0 = Debug|Any CPU
		{AC276F9E-D6BE-4031-B44D-AEFCBF2F203F}.Release|Any CPU.ActiveCfg = Release|Any CPU
		{AC276F9E-D6BE-4031-B44D-AEFCBF2F203F}.Release|Any CPU.Build.0 = Release|Any CPU
		{AC276F9E-D6BE-4031-B44D-AEFCBF2F203F}.Release|x64.ActiveCfg = Release|Any CPU
		{AC276F9E-D6BE-4031-B44D-AEFCBF2F203F}.Release|x64.Build.0 = Release|Any CPU
		{AC276F9E-D6BE-4031-B44D-AEFCBF2F203F}.Release|x86.ActiveCfg = Release|Any CPU
		{AC276F9E-D6BE-4031-B44D-AEFCBF2F203F}.Release|x86.Build.0 = Release|Any CPU
		{DE2185DC-C3B2-4F02-9DBE-19AAEE208055}.Debug|Any CPU.ActiveCfg = Debug|Any CPU
		{DE2185DC-C3B2-4F02-9DBE-19AAEE208055}.Debug|Any CPU.Build.0 = Debug|Any CPU
		{DE2185DC-C3B2-4F02-9DBE-19AAEE208055}.Debug|x64.ActiveCfg = Debug|Any CPU
		{DE2185DC-C3B2-4F02-9DBE-19AAEE208055}.Debug|x64.Build.0 = Debug|Any CPU
		{DE2185DC-C3B2-4F02-9DBE-19AAEE208055}.Debug|x86.ActiveCfg = Debug|Any CPU
		{DE2185DC-C3B2-4F02-9DBE-19AAEE208055}.Debug|x86.Build.0 = Debug|Any CPU
		{DE2185DC-C3B2-4F02-9DBE-19AAEE208055}.Release|Any CPU.ActiveCfg = Release|Any CPU
		{DE2185DC-C3B2-4F02-9DBE-19AAEE208055}.Release|Any CPU.Build.0 = Release|Any CPU
		{DE2185DC-C3B2-4F02-9DBE-19AAEE208055}.Release|x64.ActiveCfg = Release|Any CPU
		{DE2185DC-C3B2-4F02-9DBE-19AAEE208055}.Release|x64.Build.0 = Release|Any CPU
		{DE2185DC-C3B2-4F02-9DBE-19AAEE208055}.Release|x86.ActiveCfg = Release|Any CPU
		{DE2185DC-C3B2-4F02-9DBE-19AAEE208055}.Release|x86.Build.0 = Release|Any CPU
		{3F0AE5D5-EAC6-4866-8AD6-1CC4F677E8EC}.Debug|Any CPU.ActiveCfg = Debug|Any CPU
		{3F0AE5D5-EAC6-4866-8AD6-1CC4F677E8EC}.Debug|Any CPU.Build.0 = Debug|Any CPU
		{3F0AE5D5-EAC6-4866-8AD6-1CC4F677E8EC}.Debug|x64.ActiveCfg = Debug|Any CPU
		{3F0AE5D5-EAC6-4866-8AD6-1CC4F677E8EC}.Debug|x64.Build.0 = Debug|Any CPU
		{3F0AE5D5-EAC6-4866-8AD6-1CC4F677E8EC}.Debug|x86.ActiveCfg = Debug|Any CPU
		{3F0AE5D5-EAC6-4866-8AD6-1CC4F677E8EC}.Debug|x86.Build.0 = Debug|Any CPU
		{3F0AE5D5-EAC6-4866-8AD6-1CC4F677E8EC}.Release|Any CPU.ActiveCfg = Release|Any CPU
		{3F0AE5D5-EAC6-4866-8AD6-1CC4F677E8EC}.Release|Any CPU.Build.0 = Release|Any CPU
		{3F0AE5D5-EAC6-4866-8AD6-1CC4F677E8EC}.Release|x64.ActiveCfg = Release|Any CPU
		{3F0AE5D5-EAC6-4866-8AD6-1CC4F677E8EC}.Release|x64.Build.0 = Release|Any CPU
		{3F0AE5D5-EAC6-4866-8AD6-1CC4F677E8EC}.Release|x86.ActiveCfg = Release|Any CPU
		{3F0AE5D5-EAC6-4866-8AD6-1CC4F677E8EC}.Release|x86.Build.0 = Release|Any CPU
		{3A8138B9-6CC4-4CE9-B1E4-8E6DAB92935A}.Debug|Any CPU.ActiveCfg = Debug|Any CPU
		{3A8138B9-6CC4-4CE9-B1E4-8E6DAB92935A}.Debug|Any CPU.Build.0 = Debug|Any CPU
		{3A8138B9-6CC4-4CE9-B1E4-8E6DAB92935A}.Debug|x64.ActiveCfg = Debug|Any CPU
		{3A8138B9-6CC4-4CE9-B1E4-8E6DAB92935A}.Debug|x64.Build.0 = Debug|Any CPU
		{3A8138B9-6CC4-4CE9-B1E4-8E6DAB92935A}.Debug|x86.ActiveCfg = Debug|Any CPU
		{3A8138B9-6CC4-4CE9-B1E4-8E6DAB92935A}.Debug|x86.Build.0 = Debug|Any CPU
		{3A8138B9-6CC4-4CE9-B1E4-8E6DAB92935A}.Release|Any CPU.ActiveCfg = Release|Any CPU
		{3A8138B9-6CC4-4CE9-B1E4-8E6DAB92935A}.Release|Any CPU.Build.0 = Release|Any CPU
		{3A8138B9-6CC4-4CE9-B1E4-8E6DAB92935A}.Release|x64.ActiveCfg = Release|Any CPU
		{3A8138B9-6CC4-4CE9-B1E4-8E6DAB92935A}.Release|x64.Build.0 = Release|Any CPU
		{3A8138B9-6CC4-4CE9-B1E4-8E6DAB92935A}.Release|x86.ActiveCfg = Release|Any CPU
		{3A8138B9-6CC4-4CE9-B1E4-8E6DAB92935A}.Release|x86.Build.0 = Release|Any CPU
		{1B27ECFA-677E-47EF-9806-C012C952341A}.Debug|Any CPU.ActiveCfg = Debug|Any CPU
		{1B27ECFA-677E-47EF-9806-C012C952341A}.Debug|Any CPU.Build.0 = Debug|Any CPU
		{1B27ECFA-677E-47EF-9806-C012C952341A}.Debug|x64.ActiveCfg = Debug|Any CPU
		{1B27ECFA-677E-47EF-9806-C012C952341A}.Debug|x64.Build.0 = Debug|Any CPU
		{1B27ECFA-677E-47EF-9806-C012C952341A}.Debug|x86.ActiveCfg = Debug|Any CPU
		{1B27ECFA-677E-47EF-9806-C012C952341A}.Debug|x86.Build.0 = Debug|Any CPU
		{1B27ECFA-677E-47EF-9806-C012C952341A}.Release|Any CPU.ActiveCfg = Release|Any CPU
		{1B27ECFA-677E-47EF-9806-C012C952341A}.Release|Any CPU.Build.0 = Release|Any CPU
		{1B27ECFA-677E-47EF-9806-C012C952341A}.Release|x64.ActiveCfg = Release|Any CPU
		{1B27ECFA-677E-47EF-9806-C012C952341A}.Release|x64.Build.0 = Release|Any CPU
		{1B27ECFA-677E-47EF-9806-C012C952341A}.Release|x86.ActiveCfg = Release|Any CPU
		{1B27ECFA-677E-47EF-9806-C012C952341A}.Release|x86.Build.0 = Release|Any CPU
		{7BB9F59E-DF6E-424F-87A9-61D1F03737EB}.Debug|Any CPU.ActiveCfg = Debug|Any CPU
		{7BB9F59E-DF6E-424F-87A9-61D1F03737EB}.Debug|Any CPU.Build.0 = Debug|Any CPU
		{7BB9F59E-DF6E-424F-87A9-61D1F03737EB}.Debug|x64.ActiveCfg = Debug|Any CPU
		{7BB9F59E-DF6E-424F-87A9-61D1F03737EB}.Debug|x64.Build.0 = Debug|Any CPU
		{7BB9F59E-DF6E-424F-87A9-61D1F03737EB}.Debug|x86.ActiveCfg = Debug|Any CPU
		{7BB9F59E-DF6E-424F-87A9-61D1F03737EB}.Debug|x86.Build.0 = Debug|Any CPU
		{7BB9F59E-DF6E-424F-87A9-61D1F03737EB}.Release|Any CPU.ActiveCfg = Release|Any CPU
		{7BB9F59E-DF6E-424F-87A9-61D1F03737EB}.Release|Any CPU.Build.0 = Release|Any CPU
		{7BB9F59E-DF6E-424F-87A9-61D1F03737EB}.Release|x64.ActiveCfg = Release|Any CPU
		{7BB9F59E-DF6E-424F-87A9-61D1F03737EB}.Release|x64.Build.0 = Release|Any CPU
		{7BB9F59E-DF6E-424F-87A9-61D1F03737EB}.Release|x86.ActiveCfg = Release|Any CPU
		{7BB9F59E-DF6E-424F-87A9-61D1F03737EB}.Release|x86.Build.0 = Release|Any CPU
		{94E921C7-B3F8-4441-BE37-13011236FF91}.Debug|Any CPU.ActiveCfg = Debug|Any CPU
		{94E921C7-B3F8-4441-BE37-13011236FF91}.Debug|Any CPU.Build.0 = Debug|Any CPU
		{94E921C7-B3F8-4441-BE37-13011236FF91}.Debug|x64.ActiveCfg = Debug|Any CPU
		{94E921C7-B3F8-4441-BE37-13011236FF91}.Debug|x64.Build.0 = Debug|Any CPU
		{94E921C7-B3F8-4441-BE37-13011236FF91}.Debug|x86.ActiveCfg = Debug|Any CPU
		{94E921C7-B3F8-4441-BE37-13011236FF91}.Debug|x86.Build.0 = Debug|Any CPU
		{94E921C7-B3F8-4441-BE37-13011236FF91}.Release|Any CPU.ActiveCfg = Release|Any CPU
		{94E921C7-B3F8-4441-BE37-13011236FF91}.Release|Any CPU.Build.0 = Release|Any CPU
		{94E921C7-B3F8-4441-BE37-13011236FF91}.Release|x64.ActiveCfg = Release|Any CPU
		{94E921C7-B3F8-4441-BE37-13011236FF91}.Release|x64.Build.0 = Release|Any CPU
		{94E921C7-B3F8-4441-BE37-13011236FF91}.Release|x86.ActiveCfg = Release|Any CPU
		{94E921C7-B3F8-4441-BE37-13011236FF91}.Release|x86.Build.0 = Release|Any CPU
	EndGlobalSection
	GlobalSection(SolutionProperties) = preSolution
		HideSolutionNode = FALSE
	EndGlobalSection
	GlobalSection(NestedProjects) = preSolution
		{AC276F9E-D6BE-4031-B44D-AEFCBF2F203F} = {F80387AB-7660-409E-B182-943D1138AC26}
		{DE2185DC-C3B2-4F02-9DBE-19AAEE208055} = {FE6CE2CA-D6A5-40A1-A26E-A33BB20318CA}
		{3F0AE5D5-EAC6-4866-8AD6-1CC4F677E8EC} = {8DCC4D86-9F2A-43F2-8F96-806FEBAB3E67}
		{3A8138B9-6CC4-4CE9-B1E4-8E6DAB92935A} = {7FA27372-C9AC-42EE-A5D7-34348F0D80A0}
		{1B27ECFA-677E-47EF-9806-C012C952341A} = {7FA27372-C9AC-42EE-A5D7-34348F0D80A0}
		{7BB9F59E-DF6E-424F-87A9-61D1F03737EB} = {1191ABD3-3D8F-4143-8EEE-87D5CC7DED59}
		{94E921C7-B3F8-4441-BE37-13011236FF91} = {FE6CE2CA-D6A5-40A1-A26E-A33BB20318CA}
	EndGlobalSection
	GlobalSection(ExtensibilityGlobals) = postSolution
		SolutionGuid = {4E3DA445-D942-4C92-819B-E0BD07F69E85}
	EndGlobalSection
EndGlobal
