
Microsoft Visual Studio Solution File, Format Version 12.00
# Visual Studio 15
VisualStudioVersion = 15.0.26124.0
MinimumVisualStudioVersion = 15.0.26124.0
Project("{FAE04EC0-301F-11D3-BF4B-00C04F79EFBC}") = "TF3.CommandLine", "TF3.CommandLine\TF3.CommandLine.csproj", "{AC276F9E-D6BE-4031-B44D-AEFCBF2F203F}"
EndProject
Project("{FAE04EC0-301F-11D3-BF4B-00C04F79EFBC}") = "TF3.Common.Yakuza", "TF3.Common.Yakuza\TF3.Common.Yakuza.csproj", "{DE2185DC-C3B2-4F02-9DBE-19AAEE208055}"
EndProject
Project("{FAE04EC0-301F-11D3-BF4B-00C04F79EFBC}") = "TF3.Plugin.YakuzaKiwami2", "TF3.Plugin.YakuzaKiwami2\TF3.Plugin.YakuzaKiwami2.csproj", "{3F0AE5D5-EAC6-4866-8AD6-1CC4F677E8EC}"
EndProject
Project("{FAE04EC0-301F-11D3-BF4B-00C04F79EFBC}") = "TF3.Tests.Yakuza", "TF3.Tests.Yakuza\TF3.Tests.Yakuza.csproj", "{3A8138B9-6CC4-4CE9-B1E4-8E6DAB92935A}"
EndProject
Global
	GlobalSection(SolutionConfigurationPlatforms) = preSolution
		Debug|Any CPU = Debug|Any CPU
		Debug|x64 = Debug|x64
		Debug|x86 = Debug|x86
		Release|Any CPU = Release|Any CPU
		Release|x64 = Release|x64
		Release|x86 = Release|x86
	EndGlobalSection
	GlobalSection(SolutionProperties) = preSolution
		HideSolutionNode = FALSE
	EndGlobalSection
	GlobalSection(ProjectConfigurationPlatforms) = postSolution
		{AC276F9E-D6BE-4031-B44D-AEFCBF2F203F}.Debug|Any CPU.ActiveCfg = Debug|Any CPU
		{AC276F9E-D6BE-4031-B44D-AEFCBF2F203F}.Debug|Any CPU.Build.0 = Debug|Any CPU
		{AC276F9E-D6BE-4031-B44D-AEFCBF2F203F}.Debug|x64.ActiveCfg = Debug|Any CPU
		{AC276F9E-D6BE-4031-B44D-AEFCBF2F203F}.Debug|x64.Build.0 = Debug|Any CPU
		{AC276F9E-D6BE-4031-B44D-AEFCBF2F203F}.Debug|x86.ActiveCfg = Debug|Any CPU
		{AC276F9E-D6BE-4031-B44D-AEFCBF2F203F}.Debug|x86.Build.0 = Debug|Any CPU
		{AC276F9E-D6BE-4031-B44D-AEFCBF2F203F}.Release|Any CPU.ActiveCfg = Release|Any CPU
		{AC276F9E-D6BE-4031-B44D-AEFCBF2F203F}.Release|Any CPU.Build.0 = Release|Any CPU
		{AC276F9E-D6BE-4031-B44D-AEFCBF2F203F}.Release|x64.ActiveCfg = Release|Any CPU
		{AC276F9E-D6BE-4031-B44D-AEFCBF2F203F}.Release|x64.Build.0 = Release|Any CPU
		{AC276F9E-D6BE-4031-B44D-AEFCBF2F203F}.Release|x86.ActiveCfg = Release|Any CPU
		{AC276F9E-D6BE-4031-B44D-AEFCBF2F203F}.Release|x86.Build.0 = Release|Any CPU
		{DE2185DC-C3B2-4F02-9DBE-19AAEE208055}.Debug|Any CPU.ActiveCfg = Debug|Any CPU
		{DE2185DC-C3B2-4F02-9DBE-19AAEE208055}.Debug|Any CPU.Build.0 = Debug|Any CPU
		{DE2185DC-C3B2-4F02-9DBE-19AAEE208055}.Debug|x64.ActiveCfg = Debug|Any CPU
		{DE2185DC-C3B2-4F02-9DBE-19AAEE208055}.Debug|x64.Build.0 = Debug|Any CPU
		{DE2185DC-C3B2-4F02-9DBE-19AAEE208055}.Debug|x86.ActiveCfg = Debug|Any CPU
		{DE2185DC-C3B2-4F02-9DBE-19AAEE208055}.Debug|x86.Build.0 = Debug|Any CPU
		{DE2185DC-C3B2-4F02-9DBE-19AAEE208055}.Release|Any CPU.ActiveCfg = Release|Any CPU
		{DE2185DC-C3B2-4F02-9DBE-19AAEE208055}.Release|Any CPU.Build.0 = Release|Any CPU
		{DE2185DC-C3B2-4F02-9DBE-19AAEE208055}.Release|x64.ActiveCfg = Release|Any CPU
		{DE2185DC-C3B2-4F02-9DBE-19AAEE208055}.Release|x64.Build.0 = Release|Any CPU
		{DE2185DC-C3B2-4F02-9DBE-19AAEE208055}.Release|x86.ActiveCfg = Release|Any CPU
		{DE2185DC-C3B2-4F02-9DBE-19AAEE208055}.Release|x86.Build.0 = Release|Any CPU
		{3F0AE5D5-EAC6-4866-8AD6-1CC4F677E8EC}.Debug|Any CPU.ActiveCfg = Debug|Any CPU
		{3F0AE5D5-EAC6-4866-8AD6-1CC4F677E8EC}.Debug|Any CPU.Build.0 = Debug|Any CPU
		{3F0AE5D5-EAC6-4866-8AD6-1CC4F677E8EC}.Debug|x64.ActiveCfg = Debug|Any CPU
		{3F0AE5D5-EAC6-4866-8AD6-1CC4F677E8EC}.Debug|x64.Build.0 = Debug|Any CPU
		{3F0AE5D5-EAC6-4866-8AD6-1CC4F677E8EC}.Debug|x86.ActiveCfg = Debug|Any CPU
		{3F0AE5D5-EAC6-4866-8AD6-1CC4F677E8EC}.Debug|x86.Build.0 = Debug|Any CPU
		{3F0AE5D5-EAC6-4866-8AD6-1CC4F677E8EC}.Release|Any CPU.ActiveCfg = Release|Any CPU
		{3F0AE5D5-EAC6-4866-8AD6-1CC4F677E8EC}.Release|Any CPU.Build.0 = Release|Any CPU
		{3F0AE5D5-EAC6-4866-8AD6-1CC4F677E8EC}.Release|x64.ActiveCfg = Release|Any CPU
		{3F0AE5D5-EAC6-4866-8AD6-1CC4F677E8EC}.Release|x64.Build.0 = Release|Any CPU
		{3F0AE5D5-EAC6-4866-8AD6-1CC4F677E8EC}.Release|x86.ActiveCfg = Release|Any CPU
		{3F0AE5D5-EAC6-4866-8AD6-1CC4F677E8EC}.Release|x86.Build.0 = Release|Any CPU
		{3A8138B9-6CC4-4CE9-B1E4-8E6DAB92935A}.Debug|Any CPU.ActiveCfg = Debug|Any CPU
		{3A8138B9-6CC4-4CE9-B1E4-8E6DAB92935A}.Debug|Any CPU.Build.0 = Debug|Any CPU
		{3A8138B9-6CC4-4CE9-B1E4-8E6DAB92935A}.Debug|x64.ActiveCfg = Debug|Any CPU
		{3A8138B9-6CC4-4CE9-B1E4-8E6DAB92935A}.Debug|x64.Build.0 = Debug|Any CPU
		{3A8138B9-6CC4-4CE9-B1E4-8E6DAB92935A}.Debug|x86.ActiveCfg = Debug|Any CPU
		{3A8138B9-6CC4-4CE9-B1E4-8E6DAB92935A}.Debug|x86.Build.0 = Debug|Any CPU
		{3A8138B9-6CC4-4CE9-B1E4-8E6DAB92935A}.Release|Any CPU.ActiveCfg = Release|Any CPU
		{3A8138B9-6CC4-4CE9-B1E4-8E6DAB92935A}.Release|Any CPU.Build.0 = Release|Any CPU
		{3A8138B9-6CC4-4CE9-B1E4-8E6DAB92935A}.Release|x64.ActiveCfg = Release|Any CPU
		{3A8138B9-6CC4-4CE9-B1E4-8E6DAB92935A}.Release|x64.Build.0 = Release|Any CPU
		{3A8138B9-6CC4-4CE9-B1E4-8E6DAB92935A}.Release|x86.ActiveCfg = Release|Any CPU
		{3A8138B9-6CC4-4CE9-B1E4-8E6DAB92935A}.Release|x86.Build.0 = Release|Any CPU
	EndGlobalSection
EndGlobal
